{
  "name": "crypto_buying_bot",
  "version": "1.0.0",
  "lockfileVersion": 2,
  "requires": true,
  "packages": {
    "": {
      "version": "1.0.0",
      "license": "ISC",
      "dependencies": {
        "ccxt": "^1.50.6"
      }
    },
    "node_modules/ccxt": {
      "version": "1.50.6",
      "resolved": "https://registry.npmjs.org/ccxt/-/ccxt-1.50.6.tgz",
      "integrity": "sha512-f3lO69FC3hKeznuUifc+7kXaBp+7T7ChOqPNDrsZk1ouniQxW0bEdk8+fFSzuS8MHon75HnFI0Cc7PagKNlf6g==",
      "hasInstallScript": true,
      "engines": {
        "node": ">=7.6.0"
      }
    }
  },
  "dependencies": {
    "ccxt": {
      "version": "1.50.6",
      "resolved": "https://registry.npmjs.org/ccxt/-/ccxt-1.50.6.tgz",
      "integrity": "sha512-f3lO69FC3hKeznuUifc+7kXaBp+7T7ChOqPNDrsZk1ouniQxW0bEdk8+fFSzuS8MHon75HnFI0Cc7PagKNlf6g=="
    }
  }
}
